{
  "name": "dsa",
  "lockfileVersion": 2,
  "requires": true,
  "packages": {
    "": {
      "dependencies": {
        "jupiter": "^1.3.0"
      }
    },
    "node_modules/jupiter": {
      "version": "1.3.0",
      "resolved": "https://registry.npmjs.org/jupiter/-/jupiter-1.3.0.tgz",
      "integrity": "sha512-7SOUgvhduhpVuaiOyEMYnPL/OzwRFZT4WONWqW7o1ixkyWvU3TcEGWlbFtXjSV8sWie078C7qquzTFBxCrc9+g=="
    }
  },
  "dependencies": {
    "jupiter": {
      "version": "1.3.0",
      "resolved": "https://registry.npmjs.org/jupiter/-/jupiter-1.3.0.tgz",
      "integrity": "sha512-7SOUgvhduhpVuaiOyEMYnPL/OzwRFZT4WONWqW7o1ixkyWvU3TcEGWlbFtXjSV8sWie078C7qquzTFBxCrc9+g=="
    }
  }
}
